
Microsoft Visual Studio Solution File, Format Version 12.00
# Visual Studio 15
VisualStudioVersion = 15.0.27428.2037
MinimumVisualStudioVersion = 10.0.40219.1
Project("{FAE04EC0-301F-11D3-BF4B-00C04F79EFBC}") = "B7009087_DanB_Jukebox", "B7009087_DanB_Jukebox\B7009087_DanB_Jukebox.csproj", "{5BBEB980-8C8E-47E7-8CD8-37497DD0AA82}"
EndProject
Global
	GlobalSection(SolutionConfigurationPlatforms) = preSolution
		Debug|Any CPU = Debug|Any CPU
		Release|Any CPU = Release|Any CPU
	EndGlobalSection
	GlobalSection(ProjectConfigurationPlatforms) = postSolution
		{5BBEB980-8C8E-47E7-8CD8-37497DD0AA82}.Debug|Any CPU.ActiveCfg = Debug|Any CPU
		{5BBEB980-8C8E-47E7-8CD8-37497DD0AA82}.Debug|Any CPU.Build.0 = Debug|Any CPU
		{5BBEB980-8C8E-47E7-8CD8-37497DD0AA82}.Release|Any CPU.ActiveCfg = Release|Any CPU
		{5BBEB980-8C8E-47E7-8CD8-37497DD0AA82}.Release|Any CPU.Build.0 = Release|Any CPU
	EndGlobalSection
	GlobalSection(SolutionProperties) = preSolution
		HideSolutionNode = FALSE
	EndGlobalSection
	GlobalSection(ExtensibilityGlobals) = postSolution
		SolutionGuid = {E0D0CE81-F488-4D8C-90E3-2C5F192D22C6}
	EndGlobalSection
EndGlobal
